// !$*UTF8*$!
{
	archiveVersion = 1;
	classes = {
	};
	objectVersion = 56;
	objects = {

/* Begin PBXBuildFile section */
		D04BA0232A1F97AB000CC558 /* AppDelegate.swift in Sources */ = {isa = PBXBuildFile; fileRef = D04BA0222A1F97AB000CC558 /* AppDelegate.swift */; };
		D04BA0252A1F97AB000CC558 /* SceneDelegate.swift in Sources */ = {isa = PBXBuildFile; fileRef = D04BA0242A1F97AB000CC558 /* SceneDelegate.swift */; };
		D04BA0272A1F97AB000CC558 /* MainTabBarController.swift in Sources */ = {isa = PBXBuildFile; fileRef = D04BA0262A1F97AB000CC558 /* MainTabBarController.swift */; };
		D04BA02C2A1F97AE000CC558 /* Assets.xcassets in Resources */ = {isa = PBXBuildFile; fileRef = D04BA02B2A1F97AE000CC558 /* Assets.xcassets */; };
		D04BA02F2A1F97AE000CC558 /* LaunchScreen.storyboard in Resources */ = {isa = PBXBuildFile; fileRef = D04BA02D2A1F97AE000CC558 /* LaunchScreen.storyboard */; };
		D04BA0392A1F992C000CC558 /* ScheduleViewController.swift in Sources */ = {isa = PBXBuildFile; fileRef = D04BA0382A1F992B000CC558 /* ScheduleViewController.swift */; };
		D04BA03B2A1F9938000CC558 /* TasksViewController.swift in Sources */ = {isa = PBXBuildFile; fileRef = D04BA03A2A1F9938000CC558 /* TasksViewController.swift */; };
		D04BA03D2A1F9946000CC558 /* ContactsViewController.swift in Sources */ = {isa = PBXBuildFile; fileRef = D04BA03C2A1F9946000CC558 /* ContactsViewController.swift */; };
		D04BA0402A2096F0000CC558 /* UIViewController + Extention.swift in Sources */ = {isa = PBXBuildFile; fileRef = D04BA03F2A2096F0000CC558 /* UIViewController + Extention.swift */; };
		D04BA0442A20A57B000CC558 /* FSCalendar in Frameworks */ = {isa = PBXBuildFile; productRef = D04BA0432A20A57B000CC558 /* FSCalendar */; };
/* End PBXBuildFile section */

/* Begin PBXFileReference section */
		D04BA01F2A1F97AB000CC558 /* MySchedule.app */ = {isa = PBXFileReference; explicitFileType = wrapper.application; includeInIndex = 0; path = MySchedule.app; sourceTree = BUILT_PRODUCTS_DIR; };
		D04BA0222A1F97AB000CC558 /* AppDelegate.swift */ = {isa = PBXFileReference; lastKnownFileType = sourcecode.swift; path = AppDelegate.swift; sourceTree = "<group>"; };
		D04BA0242A1F97AB000CC558 /* SceneDelegate.swift */ = {isa = PBXFileReference; lastKnownFileType = sourcecode.swift; path = SceneDelegate.swift; sourceTree = "<group>"; };
		D04BA0262A1F97AB000CC558 /* MainTabBarController.swift */ = {isa = PBXFileReference; lastKnownFileType = sourcecode.swift; path = MainTabBarController.swift; sourceTree = "<group>"; };
		D04BA02B2A1F97AE000CC558 /* Assets.xcassets */ = {isa = PBXFileReference; lastKnownFileType = folder.assetcatalog; path = Assets.xcassets; sourceTree = "<group>"; };
		D04BA02E2A1F97AE000CC558 /* Base */ = {isa = PBXFileReference; lastKnownFileType = file.storyboard; name = Base; path = Base.lproj/LaunchScreen.storyboard; sourceTree = "<group>"; };
		D04BA0302A1F97AE000CC558 /* Info.plist */ = {isa = PBXFileReference; lastKnownFileType = text.plist.xml; path = Info.plist; sourceTree = "<group>"; };
		D04BA0382A1F992B000CC558 /* ScheduleViewController.swift */ = {isa = PBXFileReference; lastKnownFileType = sourcecode.swift; path = ScheduleViewController.swift; sourceTree = "<group>"; };
		D04BA03A2A1F9938000CC558 /* TasksViewController.swift */ = {isa = PBXFileReference; lastKnownFileType = sourcecode.swift; path = TasksViewController.swift; sourceTree = "<group>"; };
		D04BA03C2A1F9946000CC558 /* ContactsViewController.swift */ = {isa = PBXFileReference; lastKnownFileType = sourcecode.swift; path = ContactsViewController.swift; sourceTree = "<group>"; };
		D04BA03F2A2096F0000CC558 /* UIViewController + Extention.swift */ = {isa = PBXFileReference; lastKnownFileType = sourcecode.swift; path = "UIViewController + Extention.swift"; sourceTree = "<group>"; };
/* End PBXFileReference section */

/* Begin PBXFrameworksBuildPhase section */
		D04BA01C2A1F97AB000CC558 /* Frameworks */ = {
			isa = PBXFrameworksBuildPhase;
			buildActionMask = 2147483647;
			files = (
				D04BA0442A20A57B000CC558 /* FSCalendar in Frameworks */,
			);
			runOnlyForDeploymentPostprocessing = 0;
		};
/* End PBXFrameworksBuildPhase section */

/* Begin PBXGroup section */
		D04BA0162A1F97AB000CC558 = {
			isa = PBXGroup;
			children = (
				D04BA0212A1F97AB000CC558 /* MySchedule */,
				D04BA0202A1F97AB000CC558 /* Products */,
			);
			sourceTree = "<group>";
		};
		D04BA0202A1F97AB000CC558 /* Products */ = {
			isa = PBXGroup;
			children = (
				D04BA01F2A1F97AB000CC558 /* MySchedule.app */,
			);
			name = Products;
			sourceTree = "<group>";
		};
		D04BA0212A1F97AB000CC558 /* MySchedule */ = {
			isa = PBXGroup;
			children = (
				D04BA0412A2096F7000CC558 /* Utils */,
				D04BA0362A1F9867000CC558 /* SupportingFiles */,
				D04BA0372A1F9878000CC558 /* Application */,
				D04BA0262A1F97AB000CC558 /* MainTabBarController.swift */,
				D04BA0382A1F992B000CC558 /* ScheduleViewController.swift */,
				D04BA03A2A1F9938000CC558 /* TasksViewController.swift */,
				D04BA03C2A1F9946000CC558 /* ContactsViewController.swift */,
			);
			path = MySchedule;
			sourceTree = "<group>";
		};
		D04BA0362A1F9867000CC558 /* SupportingFiles */ = {
			isa = PBXGroup;
			children = (
				D04BA02B2A1F97AE000CC558 /* Assets.xcassets */,
				D04BA02D2A1F97AE000CC558 /* LaunchScreen.storyboard */,
				D04BA0302A1F97AE000CC558 /* Info.plist */,
			);
			name = SupportingFiles;
			sourceTree = "<group>";
		};
		D04BA0372A1F9878000CC558 /* Application */ = {
			isa = PBXGroup;
			children = (
				D04BA0222A1F97AB000CC558 /* AppDelegate.swift */,
				D04BA0242A1F97AB000CC558 /* SceneDelegate.swift */,
			);
			name = Application;
			sourceTree = "<group>";
		};
		D04BA03E2A1F9997000CC558 /* Extentions */ = {
			isa = PBXGroup;
			children = (
				D04BA03F2A2096F0000CC558 /* UIViewController + Extention.swift */,
			);
			name = Extentions;
			sourceTree = "<group>";
		};
		D04BA0412A2096F7000CC558 /* Utils */ = {
			isa = PBXGroup;
			children = (
				D04BA03E2A1F9997000CC558 /* Extentions */,
			);
			name = Utils;
			sourceTree = "<group>";
		};
/* End PBXGroup section */

/* Begin PBXNativeTarget section */
		D04BA01E2A1F97AB000CC558 /* MySchedule */ = {
			isa = PBXNativeTarget;
			buildConfigurationList = D04BA0332A1F97AE000CC558 /* Build configuration list for PBXNativeTarget "MySchedule" */;
			buildPhases = (
				D04BA01B2A1F97AB000CC558 /* Sources */,
				D04BA01C2A1F97AB000CC558 /* Frameworks */,
				D04BA01D2A1F97AB000CC558 /* Resources */,
			);
			buildRules = (
			);
			dependencies = (
			);
			name = MySchedule;
			packageProductDependencies = (
				D04BA0432A20A57B000CC558 /* FSCalendar */,
			);
			productName = MySchedule;
			productReference = D04BA01F2A1F97AB000CC558 /* MySchedule.app */;
			productType = "com.apple.product-type.application";
		};
/* End PBXNativeTarget section */

/* Begin PBXProject section */
		D04BA0172A1F97AB000CC558 /* Project object */ = {
			isa = PBXProject;
			attributes = {
				BuildIndependentTargetsInParallel = 1;
				LastSwiftUpdateCheck = 1400;
				LastUpgradeCheck = 1400;
				TargetAttributes = {
					D04BA01E2A1F97AB000CC558 = {
						CreatedOnToolsVersion = 14.0.1;
					};
				};
			};
			buildConfigurationList = D04BA01A2A1F97AB000CC558 /* Build configuration list for PBXProject "MySchedule" */;
			compatibilityVersion = "Xcode 14.0";
			developmentRegion = en;
			hasScannedForEncodings = 0;
			knownRegions = (
				en,
				Base,
			);
			mainGroup = D04BA0162A1F97AB000CC558;
			packageReferences = (
				D04BA0422A20A57B000CC558 /* XCRemoteSwiftPackageReference "FSCalendar" */,
			);
			productRefGroup = D04BA0202A1F97AB000CC558 /* Products */;
			projectDirPath = "";
			projectRoot = "";
			targets = (
				D04BA01E2A1F97AB000CC558 /* MySchedule */,
			);
		};
/* End PBXProject section */

/* Begin PBXResourcesBuildPhase section */
		D04BA01D2A1F97AB000CC558 /* Resources */ = {
			isa = PBXResourcesBuildPhase;
			buildActionMask = 2147483647;
			files = (
				D04BA02F2A1F97AE000CC558 /* LaunchScreen.storyboard in Resources */,
				D04BA02C2A1F97AE000CC558 /* Assets.xcassets in Resources */,
			);
			runOnlyForDeploymentPostprocessing = 0;
		};
/* End PBXResourcesBuildPhase section */

/* Begin PBXSourcesBuildPhase section */
		D04BA01B2A1F97AB000CC558 /* Sources */ = {
			isa = PBXSourcesBuildPhase;
			buildActionMask = 2147483647;
			files = (
				D04BA0272A1F97AB000CC558 /* MainTabBarController.swift in Sources */,
				D04BA0232A1F97AB000CC558 /* AppDelegate.swift in Sources */,
				D04BA03B2A1F9938000CC558 /* TasksViewController.swift in Sources */,
				D04BA0402A2096F0000CC558 /* UIViewController + Extention.swift in Sources */,
				D04BA0252A1F97AB000CC558 /* SceneDelegate.swift in Sources */,
				D04BA0392A1F992C000CC558 /* ScheduleViewController.swift in Sources */,
				D04BA03D2A1F9946000CC558 /* ContactsViewController.swift in Sources */,
			);
			runOnlyForDeploymentPostprocessing = 0;
		};
/* End PBXSourcesBuildPhase section */

/* Begin PBXVariantGroup section */
		D04BA02D2A1F97AE000CC558 /* LaunchScreen.storyboard */ = {
			isa = PBXVariantGroup;
			children = (
				D04BA02E2A1F97AE000CC558 /* Base */,
			);
			name = LaunchScreen.storyboard;
			sourceTree = "<group>";
		};
/* End PBXVariantGroup section */

/* Begin XCBuildConfiguration section */
		D04BA0312A1F97AE000CC558 /* Debug */ = {
			isa = XCBuildConfiguration;
			buildSettings = {
				ALWAYS_SEARCH_USER_PATHS = NO;
				CLANG_ANALYZER_NONNULL = YES;
				CLANG_ANALYZER_NUMBER_OBJECT_CONVERSION = YES_AGGRESSIVE;
				CLANG_CXX_LANGUAGE_STANDARD = "gnu++20";
				CLANG_ENABLE_MODULES = YES;
				CLANG_ENABLE_OBJC_ARC = YES;
				CLANG_ENABLE_OBJC_WEAK = YES;
				CLANG_WARN_BLOCK_CAPTURE_AUTORELEASING = YES;
				CLANG_WARN_BOOL_CONVERSION = YES;
				CLANG_WARN_COMMA = YES;
				CLANG_WARN_CONSTANT_CONVERSION = YES;
				CLANG_WARN_DEPRECATED_OBJC_IMPLEMENTATIONS = YES;
				CLANG_WARN_DIRECT_OBJC_ISA_USAGE = YES_ERROR;
				CLANG_WARN_DOCUMENTATION_COMMENTS = YES;
				CLANG_WARN_EMPTY_BODY = YES;
				CLANG_WARN_ENUM_CONVERSION = YES;
				CLANG_WARN_INFINITE_RECURSION = YES;
				CLANG_WARN_INT_CONVERSION = YES;
				CLANG_WARN_NON_LITERAL_NULL_CONVERSION = YES;
				CLANG_WARN_OBJC_IMPLICIT_RETAIN_SELF = YES;
				CLANG_WARN_OBJC_LITERAL_CONVERSION = YES;
				CLANG_WARN_OBJC_ROOT_CLASS = YES_ERROR;
				CLANG_WARN_QUOTED_INCLUDE_IN_FRAMEWORK_HEADER = YES;
				CLANG_WARN_RANGE_LOOP_ANALYSIS = YES;
				CLANG_WARN_STRICT_PROTOTYPES = YES;
				CLANG_WARN_SUSPICIOUS_MOVE = YES;
				CLANG_WARN_UNGUARDED_AVAILABILITY = YES_AGGRESSIVE;
				CLANG_WARN_UNREACHABLE_CODE = YES;
				CLANG_WARN__DUPLICATE_METHOD_MATCH = YES;
				COPY_PHASE_STRIP = NO;
				DEBUG_INFORMATION_FORMAT = dwarf;
				ENABLE_STRICT_OBJC_MSGSEND = YES;
				ENABLE_TESTABILITY = YES;
				GCC_C_LANGUAGE_STANDARD = gnu11;
				GCC_DYNAMIC_NO_PIC = NO;
				GCC_NO_COMMON_BLOCKS = YES;
				GCC_OPTIMIZATION_LEVEL = 0;
				GCC_PREPROCESSOR_DEFINITIONS = (
					"DEBUG=1",
					"$(inherited)",
				);
				GCC_WARN_64_TO_32_BIT_CONVERSION = YES;
				GCC_WARN_ABOUT_RETURN_TYPE = YES_ERROR;
				GCC_WARN_UNDECLARED_SELECTOR = YES;
				GCC_WARN_UNINITIALIZED_AUTOS = YES_AGGRESSIVE;
				GCC_WARN_UNUSED_FUNCTION = YES;
				GCC_WARN_UNUSED_VARIABLE = YES;
				IPHONEOS_DEPLOYMENT_TARGET = 16.0;
				MTL_ENABLE_DEBUG_INFO = INCLUDE_SOURCE;
				MTL_FAST_MATH = YES;
				ONLY_ACTIVE_ARCH = YES;
				SDKROOT = iphoneos;
				SWIFT_ACTIVE_COMPILATION_CONDITIONS = DEBUG;
				SWIFT_OPTIMIZATION_LEVEL = "-Onone";
			};
			name = Debug;
		};
		D04BA0322A1F97AE000CC558 /* Release */ = {
			isa = XCBuildConfiguration;
			buildSettings = {
				ALWAYS_SEARCH_USER_PATHS = NO;
				CLANG_ANALYZER_NONNULL = YES;
				CLANG_ANALYZER_NUMBER_OBJECT_CONVERSION = YES_AGGRESSIVE;
				CLANG_CXX_LANGUAGE_STANDARD = "gnu++20";
				CLANG_ENABLE_MODULES = YES;
				CLANG_ENABLE_OBJC_ARC = YES;
				CLANG_ENABLE_OBJC_WEAK = YES;
				CLANG_WARN_BLOCK_CAPTURE_AUTORELEASING = YES;
				CLANG_WARN_BOOL_CONVERSION = YES;
				CLANG_WARN_COMMA = YES;
				CLANG_WARN_CONSTANT_CONVERSION = YES;
				CLANG_WARN_DEPRECATED_OBJC_IMPLEMENTATIONS = YES;
				CLANG_WARN_DIRECT_OBJC_ISA_USAGE = YES_ERROR;
				CLANG_WARN_DOCUMENTATION_COMMENTS = YES;
				CLANG_WARN_EMPTY_BODY = YES;
				CLANG_WARN_ENUM_CONVERSION = YES;
				CLANG_WARN_INFINITE_RECURSION = YES;
				CLANG_WARN_INT_CONVERSION = YES;
				CLANG_WARN_NON_LITERAL_NULL_CONVERSION = YES;
				CLANG_WARN_OBJC_IMPLICIT_RETAIN_SELF = YES;
				CLANG_WARN_OBJC_LITERAL_CONVERSION = YES;
				CLANG_WARN_OBJC_ROOT_CLASS = YES_ERROR;
				CLANG_WARN_QUOTED_INCLUDE_IN_FRAMEWORK_HEADER = YES;
				CLANG_WARN_RANGE_LOOP_ANALYSIS = YES;
				CLANG_WARN_STRICT_PROTOTYPES = YES;
				CLANG_WARN_SUSPICIOUS_MOVE = YES;
				CLANG_WARN_UNGUARDED_AVAILABILITY = YES_AGGRESSIVE;
				CLANG_WARN_UNREACHABLE_CODE = YES;
				CLANG_WARN__DUPLICATE_METHOD_MATCH = YES;
				COPY_PHASE_STRIP = NO;
				DEBUG_INFORMATION_FORMAT = "dwarf-with-dsym";
				ENABLE_NS_ASSERTIONS = NO;
				ENABLE_STRICT_OBJC_MSGSEND = YES;
				GCC_C_LANGUAGE_STANDARD = gnu11;
				GCC_NO_COMMON_BLOCKS = YES;
				GCC_WARN_64_TO_32_BIT_CONVERSION = YES;
				GCC_WARN_ABOUT_RETURN_TYPE = YES_ERROR;
				GCC_WARN_UNDECLARED_SELECTOR = YES;
				GCC_WARN_UNINITIALIZED_AUTOS = YES_AGGRESSIVE;
				GCC_WARN_UNUSED_FUNCTION = YES;
				GCC_WARN_UNUSED_VARIABLE = YES;
				IPHONEOS_DEPLOYMENT_TARGET = 16.0;
				MTL_ENABLE_DEBUG_INFO = NO;
				MTL_FAST_MATH = YES;
				SDKROOT = iphoneos;
				SWIFT_COMPILATION_MODE = wholemodule;
				SWIFT_OPTIMIZATION_LEVEL = "-O";
				VALIDATE_PRODUCT = YES;
			};
			name = Release;
		};
		D04BA0342A1F97AE000CC558 /* Debug */ = {
			isa = XCBuildConfiguration;
			buildSettings = {
				ASSETCATALOG_COMPILER_APPICON_NAME = AppIcon;
				ASSETCATALOG_COMPILER_GLOBAL_ACCENT_COLOR_NAME = AccentColor;
				CODE_SIGN_STYLE = Automatic;
				CURRENT_PROJECT_VERSION = 1;
				DEVELOPMENT_TEAM = 2S52Q5VDX5;
				GENERATE_INFOPLIST_FILE = YES;
				INFOPLIST_FILE = MySchedule/Info.plist;
				INFOPLIST_KEY_UIApplicationSupportsIndirectInputEvents = YES;
				INFOPLIST_KEY_UILaunchStoryboardName = LaunchScreen;
				INFOPLIST_KEY_UISupportedInterfaceOrientations = UIInterfaceOrientationPortrait;
				INFOPLIST_KEY_UISupportedInterfaceOrientations_iPad = "UIInterfaceOrientationLandscapeLeft UIInterfaceOrientationLandscapeRight UIInterfaceOrientationPortrait UIInterfaceOrientationPortraitUpsideDown";
				LD_RUNPATH_SEARCH_PATHS = (
					"$(inherited)",
					"@executable_path/Frameworks",
				);
				MARKETING_VERSION = 1.0;
				PRODUCT_BUNDLE_IDENTIFIER = com.a.pride.MySchedule;
				PRODUCT_NAME = "$(TARGET_NAME)";
				SUPPORTED_PLATFORMS = "iphoneos iphonesimulator";
				SUPPORTS_MACCATALYST = NO;
				SUPPORTS_MAC_DESIGNED_FOR_IPHONE_IPAD = NO;
				SWIFT_EMIT_LOC_STRINGS = YES;
				SWIFT_VERSION = 5.0;
				TARGETED_DEVICE_FAMILY = 1;
			};
			name = Debug;
		};
		D04BA0352A1F97AE000CC558 /* Release */ = {
			isa = XCBuildConfiguration;
			buildSettings = {
				ASSETCATALOG_COMPILER_APPICON_NAME = AppIcon;
				ASSETCATALOG_COMPILER_GLOBAL_ACCENT_COLOR_NAME = AccentColor;
				CODE_SIGN_STYLE = Automatic;
				CURRENT_PROJECT_VERSION = 1;
				DEVELOPMENT_TEAM = 2S52Q5VDX5;
				GENERATE_INFOPLIST_FILE = YES;
				INFOPLIST_FILE = MySchedule/Info.plist;
				INFOPLIST_KEY_UIApplicationSupportsIndirectInputEvents = YES;
				INFOPLIST_KEY_UILaunchStoryboardName = LaunchScreen;
				INFOPLIST_KEY_UISupportedInterfaceOrientations = UIInterfaceOrientationPortrait;
				INFOPLIST_KEY_UISupportedInterfaceOrientations_iPad = "UIInterfaceOrientationLandscapeLeft UIInterfaceOrientationLandscapeRight UIInterfaceOrientationPortrait UIInterfaceOrientationPortraitUpsideDown";
				LD_RUNPATH_SEARCH_PATHS = (
					"$(inherited)",
					"@executable_path/Frameworks",
				);
				MARKETING_VERSION = 1.0;
				PRODUCT_BUNDLE_IDENTIFIER = com.a.pride.MySchedule;
				PRODUCT_NAME = "$(TARGET_NAME)";
				SUPPORTED_PLATFORMS = "iphoneos iphonesimulator";
				SUPPORTS_MACCATALYST = NO;
				SUPPORTS_MAC_DESIGNED_FOR_IPHONE_IPAD = NO;
				SWIFT_EMIT_LOC_STRINGS = YES;
				SWIFT_VERSION = 5.0;
				TARGETED_DEVICE_FAMILY = 1;
			};
			name = Release;
		};
/* End XCBuildConfiguration section */

/* Begin XCConfigurationList section */
		D04BA01A2A1F97AB000CC558 /* Build configuration list for PBXProject "MySchedule" */ = {
			isa = XCConfigurationList;
			buildConfigurations = (
				D04BA0312A1F97AE000CC558 /* Debug */,
				D04BA0322A1F97AE000CC558 /* Release */,
			);
			defaultConfigurationIsVisible = 0;
			defaultConfigurationName = Release;
		};
		D04BA0332A1F97AE000CC558 /* Build configuration list for PBXNativeTarget "MySchedule" */ = {
			isa = XCConfigurationList;
			buildConfigurations = (
				D04BA0342A1F97AE000CC558 /* Debug */,
				D04BA0352A1F97AE000CC558 /* Release */,
			);
			defaultConfigurationIsVisible = 0;
			defaultConfigurationName = Release;
		};
/* End XCConfigurationList section */

/* Begin XCRemoteSwiftPackageReference section */
		D04BA0422A20A57B000CC558 /* XCRemoteSwiftPackageReference "FSCalendar" */ = {
			isa = XCRemoteSwiftPackageReference;
			repositoryURL = "https://github.com/WenchaoD/FSCalendar.git";
			requirement = {
				kind = upToNextMajorVersion;
				minimumVersion = 2.0.0;
			};
		};
/* End XCRemoteSwiftPackageReference section */

/* Begin XCSwiftPackageProductDependency section */
		D04BA0432A20A57B000CC558 /* FSCalendar */ = {
			isa = XCSwiftPackageProductDependency;
			package = D04BA0422A20A57B000CC558 /* XCRemoteSwiftPackageReference "FSCalendar" */;
			productName = FSCalendar;
		};
/* End XCSwiftPackageProductDependency section */
	};
	rootObject = D04BA0172A1F97AB000CC558 /* Project object */;
}
